{
    "name": "planter",
    "version": "0.0.10",
    "lockfileVersion": 1,
    "requires": true,
    "dependencies": {
        "aes-js": {
            "version": "3.1.2",
            "resolved": "https://registry.npmjs.org/aes-js/-/aes-js-3.1.2.tgz",
            "integrity": "sha512-e5pEa2kBnBOgR4Y/p20pskXI74UEz7de8ZGVo58asOtvSVG5YAbJeELPZxOmt+Bnz3rX753YKhfIn4X4l1PPRQ=="
        },
        "axios": {
            "version": "0.18.1",
            "resolved": "https://registry.npmjs.org/axios/-/axios-0.18.1.tgz",
            "integrity": "sha512-0BfJq4NSfQXd+SkFdrvFbG7addhYSBA2mQwISr46pD6E5iqkWg02RAs8vyTT/j0RTnoYmeXauBuSv1qKwR179g==",
            "requires": {
                "follow-redirects": "1.5.10",
                "is-buffer": "^2.0.2"
            }
        },
        "base-x": {
            "version": "3.0.7",
            "resolved": "https://registry.npmjs.org/base-x/-/base-x-3.0.7.tgz",
            "integrity": "sha512-zAKJGuQPihXW22fkrfOclUUZXM2g92z5GzlSMHxhO6r6Qj+Nm0ccaGNBzDZojzwOMkpjAv4J0fOv1U4go+a4iw==",
            "requires": {
                "safe-buffer": "^5.0.1"
            }
        },
        "bitindex-sdk": {
            "version": "3.0.14",
            "resolved": "https://registry.npmjs.org/bitindex-sdk/-/bitindex-sdk-3.0.14.tgz",
            "integrity": "sha512-hHod8cNSkgyGvXiGyVm7Oa/HD+puP/I0sqT6PVF7AvoJ2e1WrGeRaYA1c9oaLWeDe2BcqINkK6WHCoxBSL5FNg==",
            "requires": {
                "axios": "^0.18.0"
            }
        },
        "bn.js": {
            "version": "4.11.8",
            "resolved": "https://registry.npmjs.org/bn.js/-/bn.js-4.11.8.tgz",
            "integrity": "sha512-ItfYfPLkWHUjckQCk8xC+LwxgK8NYcXywGigJgSwOP8Y2iyWT4f2vsZnoOXTTbo+o5yXmIUJ4gn5538SO5S3gA=="
        },
        "brorand": {
            "version": "1.1.0",
            "resolved": "https://registry.npmjs.org/brorand/-/brorand-1.1.0.tgz",
            "integrity": "sha1-EsJe/kCkXjwyPrhnWgoM5XsiNx8="
        },
        "bs58": {
            "version": "4.0.1",
            "resolved": "https://registry.npmjs.org/bs58/-/bs58-4.0.1.tgz",
            "integrity": "sha1-vhYedsNU9veIrkBx9j806MTwpCo=",
            "requires": {
                "base-x": "^3.0.2"
            }
        },
        "bsv": {
            "version": "0.30.0",
            "resolved": "https://registry.npmjs.org/bsv/-/bsv-0.30.0.tgz",
            "integrity": "sha512-8TiRw8RSTX+SZ+karPipBIn5TC2/mWPULBTapzuPu1+hHSRw/d6FzZTjlPyp/LPqytlCHqchWLRSSTUYl0Evbg==",
            "requires": {
                "aes-js": "^3.1.2",
                "bn.js": "=4.11.8",
                "bs58": "=4.0.1",
                "buffer-compare": "=1.1.1",
                "clone-deep": "^4.0.1",
                "elliptic": "6.4.1",
                "hash.js": "^1.1.7",
                "inherits": "2.0.3",
                "unorm": "1.4.1"
            }
        },
        "buffer-compare": {
            "version": "1.1.1",
            "resolved": "https://registry.npmjs.org/buffer-compare/-/buffer-compare-1.1.1.tgz",
            "integrity": "sha1-W+e+hTr4kZjR9N3AkNHWakiu9ZY="
        },
        "clone-deep": {
            "version": "4.0.1",
            "resolved": "https://registry.npmjs.org/clone-deep/-/clone-deep-4.0.1.tgz",
            "integrity": "sha512-neHB9xuzh/wk0dIHweyAXv2aPGZIVk3pLMe+/RNzINf17fe0OG96QroktYAUm7SM1PBnzTabaLboqqxDyMU+SQ==",
            "requires": {
                "is-plain-object": "^2.0.4",
                "kind-of": "^6.0.2",
                "shallow-clone": "^3.0.0"
            }
        },
        "debug": {
            "version": "3.1.0",
            "resolved": "https://registry.npmjs.org/debug/-/debug-3.1.0.tgz",
            "integrity": "sha512-OX8XqP7/1a9cqkxYw2yXss15f26NKWBpDXQd0/uK/KPqdQhxbPa994hnzjcE2VqQpDslf55723cKPUOGSmMY3g==",
            "requires": {
                "ms": "2.0.0"
            }
        },
        "elliptic": {
            "version": "6.4.1",
            "resolved": "https://registry.npmjs.org/elliptic/-/elliptic-6.4.1.tgz",
            "integrity": "sha512-BsXLz5sqX8OHcsh7CqBMztyXARmGQ3LWPtGjJi6DiJHq5C/qvi9P3OqgswKSDftbu8+IoI/QDTAm2fFnQ9SZSQ==",
            "requires": {
                "bn.js": "^4.4.0",
                "brorand": "^1.0.1",
                "hash.js": "^1.0.0",
                "hmac-drbg": "^1.0.0",
                "inherits": "^2.0.1",
                "minimalistic-assert": "^1.0.0",
                "minimalistic-crypto-utils": "^1.0.0"
            }
        },
        "follow-redirects": {
            "version": "1.5.10",
            "resolved": "https://registry.npmjs.org/follow-redirects/-/follow-redirects-1.5.10.tgz",
            "integrity": "sha512-0V5l4Cizzvqt5D44aTXbFZz+FtyXV1vrDN6qrelxtfYQKW0KO0W2T/hkE8xvGa/540LkZlkaUjO4ailYTFtHVQ==",
            "requires": {
                "debug": "=3.1.0"
            }
        },
        "hash.js": {
            "version": "1.1.7",
            "resolved": "https://registry.npmjs.org/hash.js/-/hash.js-1.1.7.tgz",
            "integrity": "sha512-taOaskGt4z4SOANNseOviYDvjEJinIkRgmp7LbKP2YTTmVxWBl87s/uzK9r+44BclBSp2X7K1hqeNfz9JbBeXA==",
            "requires": {
                "inherits": "^2.0.3",
                "minimalistic-assert": "^1.0.1"
            }
        },
        "hmac-drbg": {
            "version": "1.0.1",
            "resolved": "https://registry.npmjs.org/hmac-drbg/-/hmac-drbg-1.0.1.tgz",
            "integrity": "sha1-0nRXAQJabHdabFRXk+1QL8DGSaE=",
            "requires": {
                "hash.js": "^1.0.3",
                "minimalistic-assert": "^1.0.0",
                "minimalistic-crypto-utils": "^1.0.1"
            }
        },
        "inherits": {
            "version": "2.0.3",
            "resolved": "https://registry.npmjs.org/inherits/-/inherits-2.0.3.tgz",
            "integrity": "sha1-Yzwsg+PaQqUC9SRmAiSA9CCCYd4="
        },
        "is-buffer": {
            "version": "2.0.3",
            "resolved": "https://registry.npmjs.org/is-buffer/-/is-buffer-2.0.3.tgz",
            "integrity": "sha512-U15Q7MXTuZlrbymiz95PJpZxu8IlipAp4dtS3wOdgPXx3mqBnslrWU14kxfHB+Py/+2PVKSr37dMAgM2A4uArw=="
        },
        "is-plain-object": {
            "version": "2.0.4",
            "resolved": "https://registry.npmjs.org/is-plain-object/-/is-plain-object-2.0.4.tgz",
            "integrity": "sha512-h5PpgXkWitc38BBMYawTYMWJHFZJVnBquFE57xFpjB8pJFiF6gZ+bU+WyI/yqXiFR5mdLsgYNaPe8uao6Uv9Og==",
            "requires": {
                "isobject": "^3.0.1"
            }
        },
        "isobject": {
            "version": "3.0.1",
            "resolved": "https://registry.npmjs.org/isobject/-/isobject-3.0.1.tgz",
            "integrity": "sha1-TkMekrEalzFjaqH5yNHMvP2reN8="
        },
        "kind-of": {
            "version": "6.0.2",
            "resolved": "https://registry.npmjs.org/kind-of/-/kind-of-6.0.2.tgz",
            "integrity": "sha512-s5kLOcnH0XqDO+FvuaLX8DDjZ18CGFk7VygH40QoKPUQhW4e2rvM0rwUq0t8IQDOwYSeLK01U90OjzBTme2QqA=="
        },
        "meta-tree-hugger": {
            "version": "0.0.4",
            "resolved": "https://registry.npmjs.org/meta-tree-hugger/-/meta-tree-hugger-0.0.4.tgz",
            "integrity": "sha512-hbtuhX5fWf+f35wfnRLkmf86YXm/VFh+Drb3B6YSIQJJS/JUj1Ir69uU1Bwm99UaTbyKB5JxUBu88RKANvDIpg==",
            "requires": {
                "node-fetch": "^2.6.0"
            }
        },
        "minimalistic-assert": {
            "version": "1.0.1",
            "resolved": "https://registry.npmjs.org/minimalistic-assert/-/minimalistic-assert-1.0.1.tgz",
            "integrity": "sha512-UtJcAD4yEaGtjPezWuO9wC4nwUnVH/8/Im3yEHQP4b67cXlD/Qr9hdITCU1xDbSEXg2XKNaP8jsReV7vQd00/A=="
        },
        "minimalistic-crypto-utils": {
            "version": "1.0.1",
            "resolved": "https://registry.npmjs.org/minimalistic-crypto-utils/-/minimalistic-crypto-utils-1.0.1.tgz",
            "integrity": "sha1-9sAMHAsIIkblxNmd+4x8CDsrWCo="
        },
        "ms": {
            "version": "2.0.0",
            "resolved": "https://registry.npmjs.org/ms/-/ms-2.0.0.tgz",
            "integrity": "sha1-VgiurfwAvmwpAd9fmGF4jeDVl8g="
        },
        "node-fetch": {
            "version": "2.6.0",
            "resolved": "https://registry.npmjs.org/node-fetch/-/node-fetch-2.6.0.tgz",
            "integrity": "sha512-8dG4H5ujfvFiqDmVu9fQ5bOHUC15JMjMY/Zumv26oOvvVJjM67KF8koCWIabKQ1GJIa9r2mMZscBq/TbdOcmNA=="
        },
        "safe-buffer": {
            "version": "5.2.0",
            "resolved": "https://registry.npmjs.org/safe-buffer/-/safe-buffer-5.2.0.tgz",
            "integrity": "sha512-fZEwUGbVl7kouZs1jCdMLdt95hdIv0ZeHg6L7qPeciMZhZ+/gdesW4wgTARkrFWEpspjEATAzUGPG8N2jJiwbg=="
        },
        "shallow-clone": {
            "version": "3.0.1",
            "resolved": "https://registry.npmjs.org/shallow-clone/-/shallow-clone-3.0.1.tgz",
            "integrity": "sha512-/6KqX+GVUdqPuPPd2LxDDxzX6CAbjJehAAOKlNpqqUpAqPM6HeL8f+o3a+JsyGjn2lv0WY8UsTgUJjU9Ok55NA==",
            "requires": {
                "kind-of": "^6.0.2"
            }
        },
        "treehugger": {
            "version": "0.0.2",
            "resolved": "https://registry.npmjs.org/treehugger/-/treehugger-0.0.2.tgz",
            "integrity": "sha1-Y4wb7ScPo3p87PDs2IIeASML3jQ="
        },
        "unorm": {
            "version": "1.4.1",
            "resolved": "https://registry.npmjs.org/unorm/-/unorm-1.4.1.tgz",
            "integrity": "sha1-NkIA1fE2RsqLzURJAnEzVhR5IwA="
        }
    }
}
